
Microsoft Visual Studio Solution File, Format Version 12.00
# Visual Studio Version 17
VisualStudioVersion = 17.7.34024.191
MinimumVisualStudioVersion = 10.0.40219.1
Project("{FAE04EC0-301F-11D3-BF4B-00C04F79EFBC}") = "week3", "week3\week3.csproj", "{DD510D9F-EC66-4946-A2FE-844C2ED357DD}"
EndProject
Global
	GlobalSection(SolutionConfigurationPlatforms) = preSolution
		Debug|Any CPU = Debug|Any CPU
		Release|Any CPU = Release|Any CPU
	EndGlobalSection
	GlobalSection(ProjectConfigurationPlatforms) = postSolution
		{DD510D9F-EC66-4946-A2FE-844C2ED357DD}.Debug|Any CPU.ActiveCfg = Debug|Any CPU
		{DD510D9F-EC66-4946-A2FE-844C2ED357DD}.Debug|Any CPU.Build.0 = Debug|Any CPU
		{DD510D9F-EC66-4946-A2FE-844C2ED357DD}.Release|Any CPU.ActiveCfg = Release|Any CPU
		{DD510D9F-EC66-4946-A2FE-844C2ED357DD}.Release|Any CPU.Build.0 = Release|Any CPU
	EndGlobalSection
	GlobalSection(SolutionProperties) = preSolution
		HideSolutionNode = FALSE
	EndGlobalSection
	GlobalSection(ExtensibilityGlobals) = postSolution
		SolutionGuid = {BD0AF5F4-23AF-468F-8794-EF31F354579F}
	EndGlobalSection
EndGlobal
